
Microsoft Visual Studio Solution File, Format Version 12.00
# Visual Studio Version 17
VisualStudioVersion = 17.2.32602.215
MinimumVisualStudioVersion = 10.0.40219.1
Project("{2150E333-8FDC-42A3-9474-1A3956D46DE8}") = "applications", "applications", "{DE7F0CC7-5404-44F4-B9C4-985C5D9796AF}"
EndProject
Project("{2150E333-8FDC-42A3-9474-1A3956D46DE8}") = "gateways", "gateways", "{6C163401-0351-4427-A198-198C744F8558}"
EndProject
Project("{2150E333-8FDC-42A3-9474-1A3956D46DE8}") = "shared", "shared", "{A94D0DCD-C618-4891-96D0-99AAFF794AD5}"
EndProject
Project("{9A19103F-16F7-4668-BE54-9A1E7A4F7556}") = "Ms.Shared.Consts", "shared\Ms.Shared.Consts\Ms.Shared.Consts.csproj", "{E16BF1B2-1B12-4993-9321-C3108F6A4A87}"
EndProject
Project("{2150E333-8FDC-42A3-9474-1A3956D46DE8}") = "microservices", "microservices", "{21D30DCB-2805-4902-9903-170F93471EFD}"
EndProject
Project("{2150E333-8FDC-42A3-9474-1A3956D46DE8}") = "QuanHuyenModule", "QuanHuyenModule", "{C7F6FF76-D786-4151-9708-A7BBAC4F71D6}"
EndProject
Project("{2150E333-8FDC-42A3-9474-1A3956D46DE8}") = "TinhThanhModule", "TinhThanhModule", "{582751E6-6E8C-45F6-A84F-1C3F9210FF42}"
EndProject
Project("{9A19103F-16F7-4668-BE54-9A1E7A4F7556}") = "QuanHuyenModule.Application", "microservices\QuanHuyenModule\src\QuanHuyenModule.Application\QuanHuyenModule.Application.csproj", "{0375D378-F59E-4509-B227-C5305E5000E3}"
EndProject
Project("{9A19103F-16F7-4668-BE54-9A1E7A4F7556}") = "QuanHuyenModule.Application.Contracts", "microservices\QuanHuyenModule\src\QuanHuyenModule.Application.Contracts\QuanHuyenModule.Application.Contracts.csproj", "{1C1A95FC-61F2-4769-9D0B-733389B6B565}"
EndProject
Project("{9A19103F-16F7-4668-BE54-9A1E7A4F7556}") = "QuanHuyenModule.Domain", "microservices\QuanHuyenModule\src\QuanHuyenModule.Domain\QuanHuyenModule.Domain.csproj", "{DE2FA706-4CB9-40BF-BEAB-FA429E1D936F}"
EndProject
Project("{9A19103F-16F7-4668-BE54-9A1E7A4F7556}") = "QuanHuyenModule.Domain.Shared", "microservices\QuanHuyenModule\src\QuanHuyenModule.Domain.Shared\QuanHuyenModule.Domain.Shared.csproj", "{FBBB316D-F6D1-4540-8E36-C5483A5B87E6}"
EndProject
Project("{9A19103F-16F7-4668-BE54-9A1E7A4F7556}") = "QuanHuyenModule.HttpApi", "microservices\QuanHuyenModule\src\QuanHuyenModule.HttpApi\QuanHuyenModule.HttpApi.csproj", "{872E0C71-0315-493E-B678-80C5832D1B2E}"
EndProject
Project("{9A19103F-16F7-4668-BE54-9A1E7A4F7556}") = "QuanHuyenModule.HttpApi.Client", "microservices\QuanHuyenModule\src\QuanHuyenModule.HttpApi.Client\QuanHuyenModule.HttpApi.Client.csproj", "{A4494DDE-72F2-4CD0-B1CF-034BBD8E5B41}"
EndProject
Project("{9A19103F-16F7-4668-BE54-9A1E7A4F7556}") = "QuanHuyenModule.HttpApi.Host", "microservices\QuanHuyenModule\src\QuanHuyenModule.HttpApi.Host\QuanHuyenModule.HttpApi.Host.csproj", "{D6D68BC1-8F9E-4D4C-A102-EBA7000CE588}"
EndProject
Project("{9A19103F-16F7-4668-BE54-9A1E7A4F7556}") = "QuanHuyenModule.Web", "microservices\QuanHuyenModule\src\QuanHuyenModule.Web\QuanHuyenModule.Web.csproj", "{45B92E99-9615-4D17-A6CB-2A2B7F2B97D2}"
EndProject
Project("{9A19103F-16F7-4668-BE54-9A1E7A4F7556}") = "TinhThanhModule.Application", "microservices\TinhThanhModule\src\TinhThanhModule.Application\TinhThanhModule.Application.csproj", "{8629093C-9E17-4E71-A49D-36FD2F2EBD02}"
EndProject
Project("{9A19103F-16F7-4668-BE54-9A1E7A4F7556}") = "TinhThanhModule.Application.Contracts", "microservices\TinhThanhModule\src\TinhThanhModule.Application.Contracts\TinhThanhModule.Application.Contracts.csproj", "{73D98DF4-245F-4A92-809D-6B189092CDDB}"
EndProject
Project("{9A19103F-16F7-4668-BE54-9A1E7A4F7556}") = "TinhThanhModule.Domain", "microservices\TinhThanhModule\src\TinhThanhModule.Domain\TinhThanhModule.Domain.csproj", "{23711D2F-B513-40A5-99AB-9CE84AB8A47B}"
EndProject
Project("{9A19103F-16F7-4668-BE54-9A1E7A4F7556}") = "TinhThanhModule.Domain.Shared", "microservices\TinhThanhModule\src\TinhThanhModule.Domain.Shared\TinhThanhModule.Domain.Shared.csproj", "{0F7B481D-9455-492C-94E9-9DA4A3975348}"
EndProject
Project("{9A19103F-16F7-4668-BE54-9A1E7A4F7556}") = "TinhThanhModule.EntityFrameworkCore", "microservices\TinhThanhModule\src\TinhThanhModule.EntityFrameworkCore\TinhThanhModule.EntityFrameworkCore.csproj", "{798128FF-DC54-48B5-B63A-103991EF4EB5}"
EndProject
Project("{9A19103F-16F7-4668-BE54-9A1E7A4F7556}") = "TinhThanhModule.HttpApi", "microservices\TinhThanhModule\src\TinhThanhModule.HttpApi\TinhThanhModule.HttpApi.csproj", "{FC177E21-952F-44F7-8D9E-D74503AD9AD1}"
EndProject
Project("{9A19103F-16F7-4668-BE54-9A1E7A4F7556}") = "TinhThanhModule.HttpApi.Client", "microservices\TinhThanhModule\src\TinhThanhModule.HttpApi.Client\TinhThanhModule.HttpApi.Client.csproj", "{A2271AE7-C6A3-46A6-AB12-0CAE71F1C072}"
EndProject
Project("{9A19103F-16F7-4668-BE54-9A1E7A4F7556}") = "TinhThanhModule.HttpApi.Host", "microservices\TinhThanhModule\src\TinhThanhModule.HttpApi.Host\TinhThanhModule.HttpApi.Host.csproj", "{97A0654F-FDB5-46D5-A207-6D7A0C6C58DE}"
EndProject
Project("{9A19103F-16F7-4668-BE54-9A1E7A4F7556}") = "TinhThanhModule.Web", "microservices\TinhThanhModule\src\TinhThanhModule.Web\TinhThanhModule.Web.csproj", "{FA1487F5-119F-4BCD-87C6-057FE8614F1F}"
EndProject
Project("{9A19103F-16F7-4668-BE54-9A1E7A4F7556}") = "QuanHuyenModule.EntityFrameworkCore", "microservices\QuanHuyenModule\src\QuanHuyenModule.EntityFrameworkCore\QuanHuyenModule.EntityFrameworkCore.csproj", "{258880E3-1EFD-411A-BC07-03C5ECA5F246}"
EndProject
Project("{9A19103F-16F7-4668-BE54-9A1E7A4F7556}") = "Ms.Shared.Hosting", "shared\Ms.Shared.Hosting\Ms.Shared.Hosting.csproj", "{B1D058FB-4142-4300-9917-AE0ACFF578E4}"
EndProject
Project("{9A19103F-16F7-4668-BE54-9A1E7A4F7556}") = "Ms.Shared.DbMigrator", "shared\Ms.Shared.DbMigrator\Ms.Shared.DbMigrator.csproj", "{38B90A7B-63F1-4659-AD6E-41851E437DB2}"
EndProject
Project("{2150E333-8FDC-42A3-9474-1A3956D46DE8}") = "adminitration", "adminitration", "{0943E202-A3C5-45BF-A36A-F785E471D6DF}"
EndProject
Project("{2150E333-8FDC-42A3-9474-1A3956D46DE8}") = "identity", "identity", "{757D9CEF-67DD-4045-889E-3907CDCA2CB0}"
EndProject
Project("{9A19103F-16F7-4668-BE54-9A1E7A4F7556}") = "Tasky.Administration.HttpApi.Client", "microservices\administration\src\Tasky.Administration.HttpApi.Client\Tasky.Administration.HttpApi.Client.csproj", "{9416EFE0-F6A9-4260-BBF0-5F06015E13C1}"
EndProject
Project("{9A19103F-16F7-4668-BE54-9A1E7A4F7556}") = "Tasky.Administration.HttpApi", "microservices\administration\src\Tasky.Administration.HttpApi\Tasky.Administration.HttpApi.csproj", "{6744C9DF-F28B-486A-AFB6-24FE551A76AD}"
EndProject
Project("{9A19103F-16F7-4668-BE54-9A1E7A4F7556}") = "Tasky.Administration.Domain.Shared", "microservices\administration\src\Tasky.Administration.Domain.Shared\Tasky.Administration.Domain.Shared.csproj", "{E5D3F83A-B621-41F3-90A6-56A5534EB123}"
EndProject
Project("{9A19103F-16F7-4668-BE54-9A1E7A4F7556}") = "Tasky.Administration.Domain", "microservices\administration\src\Tasky.Administration.Domain\Tasky.Administration.Domain.csproj", "{029832DE-1F9B-4955-9BE3-A58BF5473D62}"
EndProject
Project("{9A19103F-16F7-4668-BE54-9A1E7A4F7556}") = "Tasky.Administration.Application.Contracts", "microservices\administration\src\Tasky.Administration.Application.Contracts\Tasky.Administration.Application.Contracts.csproj", "{41503E05-6956-4216-A773-1A2D565266BC}"
EndProject
Project("{9A19103F-16F7-4668-BE54-9A1E7A4F7556}") = "Tasky.Administration.Application", "microservices\administration\src\Tasky.Administration.Application\Tasky.Administration.Application.csproj", "{62375559-76E6-4239-97C8-CE3B2C9B1A86}"
EndProject
Project("{9A19103F-16F7-4668-BE54-9A1E7A4F7556}") = "Tasky.Administration.HttpApi.Host", "microservices\administration\host\Tasky.Administration.HttpApi.Host\Tasky.Administration.HttpApi.Host.csproj", "{EC71AC27-43F3-4B93-AA67-8EA1E18B4432}"
EndProject
Project("{9A19103F-16F7-4668-BE54-9A1E7A4F7556}") = "Tasky.IdentityService.HttpApi.Client", "microservices\identity\src\Tasky.IdentityService.HttpApi.Client\Tasky.IdentityService.HttpApi.Client.csproj", "{2331F5BE-2095-440F-83C0-AB2E2FDDF8CD}"
EndProject
Project("{9A19103F-16F7-4668-BE54-9A1E7A4F7556}") = "Tasky.IdentityService.HttpApi", "microservices\identity\src\Tasky.IdentityService.HttpApi\Tasky.IdentityService.HttpApi.csproj", "{EC8E99D4-A600-4604-82E8-1E15913CA0D3}"
EndProject
Project("{9A19103F-16F7-4668-BE54-9A1E7A4F7556}") = "Tasky.IdentityService.Domain.Shared", "microservices\identity\src\Tasky.IdentityService.Domain.Shared\Tasky.IdentityService.Domain.Shared.csproj", "{C0FF6108-D6B4-45B4-9EFF-6777139B3546}"
EndProject
Project("{9A19103F-16F7-4668-BE54-9A1E7A4F7556}") = "Tasky.IdentityService.Domain", "microservices\identity\src\Tasky.IdentityService.Domain\Tasky.IdentityService.Domain.csproj", "{100E1369-D42B-43DD-90B4-52064F38E79D}"
EndProject
Project("{9A19103F-16F7-4668-BE54-9A1E7A4F7556}") = "Tasky.IdentityService.Application.Contracts", "microservices\identity\src\Tasky.IdentityService.Application.Contracts\Tasky.IdentityService.Application.Contracts.csproj", "{3FFA8E44-3C5F-4CBA-A828-0D9244A4CFFA}"
EndProject
Project("{9A19103F-16F7-4668-BE54-9A1E7A4F7556}") = "Tasky.IdentityService.Application", "microservices\identity\src\Tasky.IdentityService.Application\Tasky.IdentityService.Application.csproj", "{9224FB2E-48D1-4D21-99FF-A72E1AB53817}"
EndProject
Project("{9A19103F-16F7-4668-BE54-9A1E7A4F7556}") = "Tasky.IdentityService.HttpApi.Host", "microservices\identity\host\Tasky.IdentityService.HttpApi.Host\Tasky.IdentityService.HttpApi.Host.csproj", "{6E5002A9-77DF-4F76-9297-1C5635C5421F}"
EndProject
Project("{9A19103F-16F7-4668-BE54-9A1E7A4F7556}") = "Tasky.Administration.EntityFrameworkCore", "microservices\administration\src\Tasky.Administration.EntityFrameworkCore\Tasky.Administration.EntityFrameworkCore.csproj", "{1DCD503F-F728-4909-8410-23B8439B63A1}"
EndProject
Project("{9A19103F-16F7-4668-BE54-9A1E7A4F7556}") = "Tasky.IdentityService.EntityFrameworkCore", "microservices\identity\src\Tasky.IdentityService.EntityFrameworkCore\Tasky.IdentityService.EntityFrameworkCore.csproj", "{B0546CBA-75DC-41C0-B0DB-11CF79B5B29D}"
EndProject
Project("{9A19103F-16F7-4668-BE54-9A1E7A4F7556}") = "Tasky.IdentityServer", "applications\Tasky.IdentityServer\Tasky.IdentityServer.csproj", "{23E2FC6A-8124-4A29-9380-E6C9BADF916C}"
EndProject
Global
	GlobalSection(SolutionConfigurationPlatforms) = preSolution
		Debug|Any CPU = Debug|Any CPU
		Release|Any CPU = Release|Any CPU
	EndGlobalSection
	GlobalSection(ProjectConfigurationPlatforms) = postSolution
		{E16BF1B2-1B12-4993-9321-C3108F6A4A87}.Debug|Any CPU.ActiveCfg = Debug|Any CPU
		{E16BF1B2-1B12-4993-9321-C3108F6A4A87}.Debug|Any CPU.Build.0 = Debug|Any CPU
		{E16BF1B2-1B12-4993-9321-C3108F6A4A87}.Release|Any CPU.ActiveCfg = Release|Any CPU
		{E16BF1B2-1B12-4993-9321-C3108F6A4A87}.Release|Any CPU.Build.0 = Release|Any CPU
		{0375D378-F59E-4509-B227-C5305E5000E3}.Debug|Any CPU.ActiveCfg = Debug|Any CPU
		{0375D378-F59E-4509-B227-C5305E5000E3}.Debug|Any CPU.Build.0 = Debug|Any CPU
		{0375D378-F59E-4509-B227-C5305E5000E3}.Release|Any CPU.ActiveCfg = Release|Any CPU
		{0375D378-F59E-4509-B227-C5305E5000E3}.Release|Any CPU.Build.0 = Release|Any CPU
		{1C1A95FC-61F2-4769-9D0B-733389B6B565}.Debug|Any CPU.ActiveCfg = Debug|Any CPU
		{1C1A95FC-61F2-4769-9D0B-733389B6B565}.Debug|Any CPU.Build.0 = Debug|Any CPU
		{1C1A95FC-61F2-4769-9D0B-733389B6B565}.Release|Any CPU.ActiveCfg = Release|Any CPU
		{1C1A95FC-61F2-4769-9D0B-733389B6B565}.Release|Any CPU.Build.0 = Release|Any CPU
		{DE2FA706-4CB9-40BF-BEAB-FA429E1D936F}.Debug|Any CPU.ActiveCfg = Debug|Any CPU
		{DE2FA706-4CB9-40BF-BEAB-FA429E1D936F}.Debug|Any CPU.Build.0 = Debug|Any CPU
		{DE2FA706-4CB9-40BF-BEAB-FA429E1D936F}.Release|Any CPU.ActiveCfg = Release|Any CPU
		{DE2FA706-4CB9-40BF-BEAB-FA429E1D936F}.Release|Any CPU.Build.0 = Release|Any CPU
		{FBBB316D-F6D1-4540-8E36-C5483A5B87E6}.Debug|Any CPU.ActiveCfg = Debug|Any CPU
		{FBBB316D-F6D1-4540-8E36-C5483A5B87E6}.Debug|Any CPU.Build.0 = Debug|Any CPU
		{FBBB316D-F6D1-4540-8E36-C5483A5B87E6}.Release|Any CPU.ActiveCfg = Release|Any CPU
		{FBBB316D-F6D1-4540-8E36-C5483A5B87E6}.Release|Any CPU.Build.0 = Release|Any CPU
		{872E0C71-0315-493E-B678-80C5832D1B2E}.Debug|Any CPU.ActiveCfg = Debug|Any CPU
		{872E0C71-0315-493E-B678-80C5832D1B2E}.Debug|Any CPU.Build.0 = Debug|Any CPU
		{872E0C71-0315-493E-B678-80C5832D1B2E}.Release|Any CPU.ActiveCfg = Release|Any CPU
		{872E0C71-0315-493E-B678-80C5832D1B2E}.Release|Any CPU.Build.0 = Release|Any CPU
		{A4494DDE-72F2-4CD0-B1CF-034BBD8E5B41}.Debug|Any CPU.ActiveCfg = Debug|Any CPU
		{A4494DDE-72F2-4CD0-B1CF-034BBD8E5B41}.Debug|Any CPU.Build.0 = Debug|Any CPU
		{A4494DDE-72F2-4CD0-B1CF-034BBD8E5B41}.Release|Any CPU.ActiveCfg = Release|Any CPU
		{A4494DDE-72F2-4CD0-B1CF-034BBD8E5B41}.Release|Any CPU.Build.0 = Release|Any CPU
		{D6D68BC1-8F9E-4D4C-A102-EBA7000CE588}.Debug|Any CPU.ActiveCfg = Debug|Any CPU
		{D6D68BC1-8F9E-4D4C-A102-EBA7000CE588}.Debug|Any CPU.Build.0 = Debug|Any CPU
		{D6D68BC1-8F9E-4D4C-A102-EBA7000CE588}.Release|Any CPU.ActiveCfg = Release|Any CPU
		{D6D68BC1-8F9E-4D4C-A102-EBA7000CE588}.Release|Any CPU.Build.0 = Release|Any CPU
		{45B92E99-9615-4D17-A6CB-2A2B7F2B97D2}.Debug|Any CPU.ActiveCfg = Debug|Any CPU
		{45B92E99-9615-4D17-A6CB-2A2B7F2B97D2}.Debug|Any CPU.Build.0 = Debug|Any CPU
		{45B92E99-9615-4D17-A6CB-2A2B7F2B97D2}.Release|Any CPU.ActiveCfg = Release|Any CPU
		{45B92E99-9615-4D17-A6CB-2A2B7F2B97D2}.Release|Any CPU.Build.0 = Release|Any CPU
		{8629093C-9E17-4E71-A49D-36FD2F2EBD02}.Debug|Any CPU.ActiveCfg = Debug|Any CPU
		{8629093C-9E17-4E71-A49D-36FD2F2EBD02}.Debug|Any CPU.Build.0 = Debug|Any CPU
		{8629093C-9E17-4E71-A49D-36FD2F2EBD02}.Release|Any CPU.ActiveCfg = Release|Any CPU
		{8629093C-9E17-4E71-A49D-36FD2F2EBD02}.Release|Any CPU.Build.0 = Release|Any CPU
		{73D98DF4-245F-4A92-809D-6B189092CDDB}.Debug|Any CPU.ActiveCfg = Debug|Any CPU
		{73D98DF4-245F-4A92-809D-6B189092CDDB}.Debug|Any CPU.Build.0 = Debug|Any CPU
		{73D98DF4-245F-4A92-809D-6B189092CDDB}.Release|Any CPU.ActiveCfg = Release|Any CPU
		{73D98DF4-245F-4A92-809D-6B189092CDDB}.Release|Any CPU.Build.0 = Release|Any CPU
		{23711D2F-B513-40A5-99AB-9CE84AB8A47B}.Debug|Any CPU.ActiveCfg = Debug|Any CPU
		{23711D2F-B513-40A5-99AB-9CE84AB8A47B}.Debug|Any CPU.Build.0 = Debug|Any CPU
		{23711D2F-B513-40A5-99AB-9CE84AB8A47B}.Release|Any CPU.ActiveCfg = Release|Any CPU
		{23711D2F-B513-40A5-99AB-9CE84AB8A47B}.Release|Any CPU.Build.0 = Release|Any CPU
		{0F7B481D-9455-492C-94E9-9DA4A3975348}.Debug|Any CPU.ActiveCfg = Debug|Any CPU
		{0F7B481D-9455-492C-94E9-9DA4A3975348}.Debug|Any CPU.Build.0 = Debug|Any CPU
		{0F7B481D-9455-492C-94E9-9DA4A3975348}.Release|Any CPU.ActiveCfg = Release|Any CPU
		{0F7B481D-9455-492C-94E9-9DA4A3975348}.Release|Any CPU.Build.0 = Release|Any CPU
		{798128FF-DC54-48B5-B63A-103991EF4EB5}.Debug|Any CPU.ActiveCfg = Debug|Any CPU
		{798128FF-DC54-48B5-B63A-103991EF4EB5}.Debug|Any CPU.Build.0 = Debug|Any CPU
		{798128FF-DC54-48B5-B63A-103991EF4EB5}.Release|Any CPU.ActiveCfg = Release|Any CPU
		{798128FF-DC54-48B5-B63A-103991EF4EB5}.Release|Any CPU.Build.0 = Release|Any CPU
		{FC177E21-952F-44F7-8D9E-D74503AD9AD1}.Debug|Any CPU.ActiveCfg = Debug|Any CPU
		{FC177E21-952F-44F7-8D9E-D74503AD9AD1}.Debug|Any CPU.Build.0 = Debug|Any CPU
		{FC177E21-952F-44F7-8D9E-D74503AD9AD1}.Release|Any CPU.ActiveCfg = Release|Any CPU
		{FC177E21-952F-44F7-8D9E-D74503AD9AD1}.Release|Any CPU.Build.0 = Release|Any CPU
		{A2271AE7-C6A3-46A6-AB12-0CAE71F1C072}.Debug|Any CPU.ActiveCfg = Debug|Any CPU
		{A2271AE7-C6A3-46A6-AB12-0CAE71F1C072}.Debug|Any CPU.Build.0 = Debug|Any CPU
		{A2271AE7-C6A3-46A6-AB12-0CAE71F1C072}.Release|Any CPU.ActiveCfg = Release|Any CPU
		{A2271AE7-C6A3-46A6-AB12-0CAE71F1C072}.Release|Any CPU.Build.0 = Release|Any CPU
		{97A0654F-FDB5-46D5-A207-6D7A0C6C58DE}.Debug|Any CPU.ActiveCfg = Debug|Any CPU
		{97A0654F-FDB5-46D5-A207-6D7A0C6C58DE}.Debug|Any CPU.Build.0 = Debug|Any CPU
		{97A0654F-FDB5-46D5-A207-6D7A0C6C58DE}.Release|Any CPU.ActiveCfg = Release|Any CPU
		{97A0654F-FDB5-46D5-A207-6D7A0C6C58DE}.Release|Any CPU.Build.0 = Release|Any CPU
		{FA1487F5-119F-4BCD-87C6-057FE8614F1F}.Debug|Any CPU.ActiveCfg = Debug|Any CPU
		{FA1487F5-119F-4BCD-87C6-057FE8614F1F}.Debug|Any CPU.Build.0 = Debug|Any CPU
		{FA1487F5-119F-4BCD-87C6-057FE8614F1F}.Release|Any CPU.ActiveCfg = Release|Any CPU
		{FA1487F5-119F-4BCD-87C6-057FE8614F1F}.Release|Any CPU.Build.0 = Release|Any CPU
		{258880E3-1EFD-411A-BC07-03C5ECA5F246}.Debug|Any CPU.ActiveCfg = Debug|Any CPU
		{258880E3-1EFD-411A-BC07-03C5ECA5F246}.Debug|Any CPU.Build.0 = Debug|Any CPU
		{258880E3-1EFD-411A-BC07-03C5ECA5F246}.Release|Any CPU.ActiveCfg = Release|Any CPU
		{258880E3-1EFD-411A-BC07-03C5ECA5F246}.Release|Any CPU.Build.0 = Release|Any CPU
		{B1D058FB-4142-4300-9917-AE0ACFF578E4}.Debug|Any CPU.ActiveCfg = Debug|Any CPU
		{B1D058FB-4142-4300-9917-AE0ACFF578E4}.Debug|Any CPU.Build.0 = Debug|Any CPU
		{B1D058FB-4142-4300-9917-AE0ACFF578E4}.Release|Any CPU.ActiveCfg = Release|Any CPU
		{B1D058FB-4142-4300-9917-AE0ACFF578E4}.Release|Any CPU.Build.0 = Release|Any CPU
		{38B90A7B-63F1-4659-AD6E-41851E437DB2}.Debug|Any CPU.ActiveCfg = Debug|Any CPU
		{38B90A7B-63F1-4659-AD6E-41851E437DB2}.Debug|Any CPU.Build.0 = Debug|Any CPU
		{38B90A7B-63F1-4659-AD6E-41851E437DB2}.Release|Any CPU.ActiveCfg = Release|Any CPU
		{38B90A7B-63F1-4659-AD6E-41851E437DB2}.Release|Any CPU.Build.0 = Release|Any CPU
		{9416EFE0-F6A9-4260-BBF0-5F06015E13C1}.Debug|Any CPU.ActiveCfg = Debug|Any CPU
		{9416EFE0-F6A9-4260-BBF0-5F06015E13C1}.Debug|Any CPU.Build.0 = Debug|Any CPU
		{9416EFE0-F6A9-4260-BBF0-5F06015E13C1}.Release|Any CPU.ActiveCfg = Release|Any CPU
		{9416EFE0-F6A9-4260-BBF0-5F06015E13C1}.Release|Any CPU.Build.0 = Release|Any CPU
		{6744C9DF-F28B-486A-AFB6-24FE551A76AD}.Debug|Any CPU.ActiveCfg = Debug|Any CPU
		{6744C9DF-F28B-486A-AFB6-24FE551A76AD}.Debug|Any CPU.Build.0 = Debug|Any CPU
		{6744C9DF-F28B-486A-AFB6-24FE551A76AD}.Release|Any CPU.ActiveCfg = Release|Any CPU
		{6744C9DF-F28B-486A-AFB6-24FE551A76AD}.Release|Any CPU.Build.0 = Release|Any CPU
		{E5D3F83A-B621-41F3-90A6-56A5534EB123}.Debug|Any CPU.ActiveCfg = Debug|Any CPU
		{E5D3F83A-B621-41F3-90A6-56A5534EB123}.Debug|Any CPU.Build.0 = Debug|Any CPU
		{E5D3F83A-B621-41F3-90A6-56A5534EB123}.Release|Any CPU.ActiveCfg = Release|Any CPU
		{E5D3F83A-B621-41F3-90A6-56A5534EB123}.Release|Any CPU.Build.0 = Release|Any CPU
		{029832DE-1F9B-4955-9BE3-A58BF5473D62}.Debug|Any CPU.ActiveCfg = Debug|Any CPU
		{029832DE-1F9B-4955-9BE3-A58BF5473D62}.Debug|Any CPU.Build.0 = Debug|Any CPU
		{029832DE-1F9B-4955-9BE3-A58BF5473D62}.Release|Any CPU.ActiveCfg = Release|Any CPU
		{029832DE-1F9B-4955-9BE3-A58BF5473D62}.Release|Any CPU.Build.0 = Release|Any CPU
		{41503E05-6956-4216-A773-1A2D565266BC}.Debug|Any CPU.ActiveCfg = Debug|Any CPU
		{41503E05-6956-4216-A773-1A2D565266BC}.Debug|Any CPU.Build.0 = Debug|Any CPU
		{41503E05-6956-4216-A773-1A2D565266BC}.Release|Any CPU.ActiveCfg = Release|Any CPU
		{41503E05-6956-4216-A773-1A2D565266BC}.Release|Any CPU.Build.0 = Release|Any CPU
		{62375559-76E6-4239-97C8-CE3B2C9B1A86}.Debug|Any CPU.ActiveCfg = Debug|Any CPU
		{62375559-76E6-4239-97C8-CE3B2C9B1A86}.Debug|Any CPU.Build.0 = Debug|Any CPU
		{62375559-76E6-4239-97C8-CE3B2C9B1A86}.Release|Any CPU.ActiveCfg = Release|Any CPU
		{62375559-76E6-4239-97C8-CE3B2C9B1A86}.Release|Any CPU.Build.0 = Release|Any CPU
		{EC71AC27-43F3-4B93-AA67-8EA1E18B4432}.Debug|Any CPU.ActiveCfg = Debug|Any CPU
		{EC71AC27-43F3-4B93-AA67-8EA1E18B4432}.Debug|Any CPU.Build.0 = Debug|Any CPU
		{EC71AC27-43F3-4B93-AA67-8EA1E18B4432}.Release|Any CPU.ActiveCfg = Release|Any CPU
		{EC71AC27-43F3-4B93-AA67-8EA1E18B4432}.Release|Any CPU.Build.0 = Release|Any CPU
		{2331F5BE-2095-440F-83C0-AB2E2FDDF8CD}.Debug|Any CPU.ActiveCfg = Debug|Any CPU
		{2331F5BE-2095-440F-83C0-AB2E2FDDF8CD}.Debug|Any CPU.Build.0 = Debug|Any CPU
		{2331F5BE-2095-440F-83C0-AB2E2FDDF8CD}.Release|Any CPU.ActiveCfg = Release|Any CPU
		{2331F5BE-2095-440F-83C0-AB2E2FDDF8CD}.Release|Any CPU.Build.0 = Release|Any CPU
		{EC8E99D4-A600-4604-82E8-1E15913CA0D3}.Debug|Any CPU.ActiveCfg = Debug|Any CPU
		{EC8E99D4-A600-4604-82E8-1E15913CA0D3}.Debug|Any CPU.Build.0 = Debug|Any CPU
		{EC8E99D4-A600-4604-82E8-1E15913CA0D3}.Release|Any CPU.ActiveCfg = Release|Any CPU
		{EC8E99D4-A600-4604-82E8-1E15913CA0D3}.Release|Any CPU.Build.0 = Release|Any CPU
		{C0FF6108-D6B4-45B4-9EFF-6777139B3546}.Debug|Any CPU.ActiveCfg = Debug|Any CPU
		{C0FF6108-D6B4-45B4-9EFF-6777139B3546}.Debug|Any CPU.Build.0 = Debug|Any CPU
		{C0FF6108-D6B4-45B4-9EFF-6777139B3546}.Release|Any CPU.ActiveCfg = Release|Any CPU
		{C0FF6108-D6B4-45B4-9EFF-6777139B3546}.Release|Any CPU.Build.0 = Release|Any CPU
		{100E1369-D42B-43DD-90B4-52064F38E79D}.Debug|Any CPU.ActiveCfg = Debug|Any CPU
		{100E1369-D42B-43DD-90B4-52064F38E79D}.Debug|Any CPU.Build.0 = Debug|Any CPU
		{100E1369-D42B-43DD-90B4-52064F38E79D}.Release|Any CPU.ActiveCfg = Release|Any CPU
		{100E1369-D42B-43DD-90B4-52064F38E79D}.Release|Any CPU.Build.0 = Release|Any CPU
		{3FFA8E44-3C5F-4CBA-A828-0D9244A4CFFA}.Debug|Any CPU.ActiveCfg = Debug|Any CPU
		{3FFA8E44-3C5F-4CBA-A828-0D9244A4CFFA}.Debug|Any CPU.Build.0 = Debug|Any CPU
		{3FFA8E44-3C5F-4CBA-A828-0D9244A4CFFA}.Release|Any CPU.ActiveCfg = Release|Any CPU
		{3FFA8E44-3C5F-4CBA-A828-0D9244A4CFFA}.Release|Any CPU.Build.0 = Release|Any CPU
		{9224FB2E-48D1-4D21-99FF-A72E1AB53817}.Debug|Any CPU.ActiveCfg = Debug|Any CPU
		{9224FB2E-48D1-4D21-99FF-A72E1AB53817}.Debug|Any CPU.Build.0 = Debug|Any CPU
		{9224FB2E-48D1-4D21-99FF-A72E1AB53817}.Release|Any CPU.ActiveCfg = Release|Any CPU
		{9224FB2E-48D1-4D21-99FF-A72E1AB53817}.Release|Any CPU.Build.0 = Release|Any CPU
		{6E5002A9-77DF-4F76-9297-1C5635C5421F}.Debug|Any CPU.ActiveCfg = Debug|Any CPU
		{6E5002A9-77DF-4F76-9297-1C5635C5421F}.Debug|Any CPU.Build.0 = Debug|Any CPU
		{6E5002A9-77DF-4F76-9297-1C5635C5421F}.Release|Any CPU.ActiveCfg = Release|Any CPU
		{6E5002A9-77DF-4F76-9297-1C5635C5421F}.Release|Any CPU.Build.0 = Release|Any CPU
		{1DCD503F-F728-4909-8410-23B8439B63A1}.Debug|Any CPU.ActiveCfg = Debug|Any CPU
		{1DCD503F-F728-4909-8410-23B8439B63A1}.Debug|Any CPU.Build.0 = Debug|Any CPU
		{1DCD503F-F728-4909-8410-23B8439B63A1}.Release|Any CPU.ActiveCfg = Release|Any CPU
		{1DCD503F-F728-4909-8410-23B8439B63A1}.Release|Any CPU.Build.0 = Release|Any CPU
		{B0546CBA-75DC-41C0-B0DB-11CF79B5B29D}.Debug|Any CPU.ActiveCfg = Debug|Any CPU
		{B0546CBA-75DC-41C0-B0DB-11CF79B5B29D}.Debug|Any CPU.Build.0 = Debug|Any CPU
		{B0546CBA-75DC-41C0-B0DB-11CF79B5B29D}.Release|Any CPU.ActiveCfg = Release|Any CPU
		{B0546CBA-75DC-41C0-B0DB-11CF79B5B29D}.Release|Any CPU.Build.0 = Release|Any CPU
		{23E2FC6A-8124-4A29-9380-E6C9BADF916C}.Debug|Any CPU.ActiveCfg = Debug|Any CPU
		{23E2FC6A-8124-4A29-9380-E6C9BADF916C}.Debug|Any CPU.Build.0 = Debug|Any CPU
		{23E2FC6A-8124-4A29-9380-E6C9BADF916C}.Release|Any CPU.ActiveCfg = Release|Any CPU
		{23E2FC6A-8124-4A29-9380-E6C9BADF916C}.Release|Any CPU.Build.0 = Release|Any CPU
	EndGlobalSection
	GlobalSection(SolutionProperties) = preSolution
		HideSolutionNode = FALSE
	EndGlobalSection
	GlobalSection(NestedProjects) = preSolution
		{E16BF1B2-1B12-4993-9321-C3108F6A4A87} = {A94D0DCD-C618-4891-96D0-99AAFF794AD5}
		{C7F6FF76-D786-4151-9708-A7BBAC4F71D6} = {21D30DCB-2805-4902-9903-170F93471EFD}
		{582751E6-6E8C-45F6-A84F-1C3F9210FF42} = {21D30DCB-2805-4902-9903-170F93471EFD}
		{0375D378-F59E-4509-B227-C5305E5000E3} = {C7F6FF76-D786-4151-9708-A7BBAC4F71D6}
		{1C1A95FC-61F2-4769-9D0B-733389B6B565} = {C7F6FF76-D786-4151-9708-A7BBAC4F71D6}
		{DE2FA706-4CB9-40BF-BEAB-FA429E1D936F} = {C7F6FF76-D786-4151-9708-A7BBAC4F71D6}
		{FBBB316D-F6D1-4540-8E36-C5483A5B87E6} = {C7F6FF76-D786-4151-9708-A7BBAC4F71D6}
		{872E0C71-0315-493E-B678-80C5832D1B2E} = {C7F6FF76-D786-4151-9708-A7BBAC4F71D6}
		{A4494DDE-72F2-4CD0-B1CF-034BBD8E5B41} = {C7F6FF76-D786-4151-9708-A7BBAC4F71D6}
		{D6D68BC1-8F9E-4D4C-A102-EBA7000CE588} = {C7F6FF76-D786-4151-9708-A7BBAC4F71D6}
		{45B92E99-9615-4D17-A6CB-2A2B7F2B97D2} = {C7F6FF76-D786-4151-9708-A7BBAC4F71D6}
		{8629093C-9E17-4E71-A49D-36FD2F2EBD02} = {582751E6-6E8C-45F6-A84F-1C3F9210FF42}
		{73D98DF4-245F-4A92-809D-6B189092CDDB} = {582751E6-6E8C-45F6-A84F-1C3F9210FF42}
		{23711D2F-B513-40A5-99AB-9CE84AB8A47B} = {582751E6-6E8C-45F6-A84F-1C3F9210FF42}
		{0F7B481D-9455-492C-94E9-9DA4A3975348} = {582751E6-6E8C-45F6-A84F-1C3F9210FF42}
		{798128FF-DC54-48B5-B63A-103991EF4EB5} = {582751E6-6E8C-45F6-A84F-1C3F9210FF42}
		{FC177E21-952F-44F7-8D9E-D74503AD9AD1} = {582751E6-6E8C-45F6-A84F-1C3F9210FF42}
		{A2271AE7-C6A3-46A6-AB12-0CAE71F1C072} = {582751E6-6E8C-45F6-A84F-1C3F9210FF42}
		{97A0654F-FDB5-46D5-A207-6D7A0C6C58DE} = {582751E6-6E8C-45F6-A84F-1C3F9210FF42}
		{FA1487F5-119F-4BCD-87C6-057FE8614F1F} = {582751E6-6E8C-45F6-A84F-1C3F9210FF42}
		{258880E3-1EFD-411A-BC07-03C5ECA5F246} = {C7F6FF76-D786-4151-9708-A7BBAC4F71D6}
		{B1D058FB-4142-4300-9917-AE0ACFF578E4} = {A94D0DCD-C618-4891-96D0-99AAFF794AD5}
		{38B90A7B-63F1-4659-AD6E-41851E437DB2} = {A94D0DCD-C618-4891-96D0-99AAFF794AD5}
		{0943E202-A3C5-45BF-A36A-F785E471D6DF} = {21D30DCB-2805-4902-9903-170F93471EFD}
		{757D9CEF-67DD-4045-889E-3907CDCA2CB0} = {21D30DCB-2805-4902-9903-170F93471EFD}
		{9416EFE0-F6A9-4260-BBF0-5F06015E13C1} = {0943E202-A3C5-45BF-A36A-F785E471D6DF}
		{6744C9DF-F28B-486A-AFB6-24FE551A76AD} = {0943E202-A3C5-45BF-A36A-F785E471D6DF}
		{E5D3F83A-B621-41F3-90A6-56A5534EB123} = {0943E202-A3C5-45BF-A36A-F785E471D6DF}
		{029832DE-1F9B-4955-9BE3-A58BF5473D62} = {0943E202-A3C5-45BF-A36A-F785E471D6DF}
		{41503E05-6956-4216-A773-1A2D565266BC} = {0943E202-A3C5-45BF-A36A-F785E471D6DF}
		{62375559-76E6-4239-97C8-CE3B2C9B1A86} = {0943E202-A3C5-45BF-A36A-F785E471D6DF}
		{EC71AC27-43F3-4B93-AA67-8EA1E18B4432} = {0943E202-A3C5-45BF-A36A-F785E471D6DF}
		{2331F5BE-2095-440F-83C0-AB2E2FDDF8CD} = {757D9CEF-67DD-4045-889E-3907CDCA2CB0}
		{EC8E99D4-A600-4604-82E8-1E15913CA0D3} = {757D9CEF-67DD-4045-889E-3907CDCA2CB0}
		{C0FF6108-D6B4-45B4-9EFF-6777139B3546} = {757D9CEF-67DD-4045-889E-3907CDCA2CB0}
		{100E1369-D42B-43DD-90B4-52064F38E79D} = {757D9CEF-67DD-4045-889E-3907CDCA2CB0}
		{3FFA8E44-3C5F-4CBA-A828-0D9244A4CFFA} = {757D9CEF-67DD-4045-889E-3907CDCA2CB0}
		{9224FB2E-48D1-4D21-99FF-A72E1AB53817} = {757D9CEF-67DD-4045-889E-3907CDCA2CB0}
		{6E5002A9-77DF-4F76-9297-1C5635C5421F} = {757D9CEF-67DD-4045-889E-3907CDCA2CB0}
		{1DCD503F-F728-4909-8410-23B8439B63A1} = {0943E202-A3C5-45BF-A36A-F785E471D6DF}
		{B0546CBA-75DC-41C0-B0DB-11CF79B5B29D} = {757D9CEF-67DD-4045-889E-3907CDCA2CB0}
		{23E2FC6A-8124-4A29-9380-E6C9BADF916C} = {DE7F0CC7-5404-44F4-B9C4-985C5D9796AF}
	EndGlobalSection
	GlobalSection(ExtensibilityGlobals) = postSolution
		SolutionGuid = {28315BFD-90E7-4E14-A2EA-F3D23AF4126F}
	EndGlobalSection
EndGlobal
