
Microsoft Visual Studio Solution File, Format Version 12.00
# Visual Studio Version 17
VisualStudioVersion = 17.2.32602.215
MinimumVisualStudioVersion = 10.0.40219.1
Project("{2150E333-8FDC-42A3-9474-1A3956D46DE8}") = "applications", "applications", "{DE7F0CC7-5404-44F4-B9C4-985C5D9796AF}"
EndProject
Project("{2150E333-8FDC-42A3-9474-1A3956D46DE8}") = "gateways", "gateways", "{6C163401-0351-4427-A198-198C744F8558}"
EndProject
Project("{2150E333-8FDC-42A3-9474-1A3956D46DE8}") = "shared", "shared", "{A94D0DCD-C618-4891-96D0-99AAFF794AD5}"
EndProject
Project("{9A19103F-16F7-4668-BE54-9A1E7A4F7556}") = "Ms.Shared.Consts", "shared\Ms.Shared.Consts\Ms.Shared.Consts.csproj", "{E16BF1B2-1B12-4993-9321-C3108F6A4A87}"
EndProject
Project("{2150E333-8FDC-42A3-9474-1A3956D46DE8}") = "microservices", "microservices", "{21D30DCB-2805-4902-9903-170F93471EFD}"
EndProject
Project("{2150E333-8FDC-42A3-9474-1A3956D46DE8}") = "QuanHuyenModule", "QuanHuyenModule", "{C7F6FF76-D786-4151-9708-A7BBAC4F71D6}"
EndProject
Project("{2150E333-8FDC-42A3-9474-1A3956D46DE8}") = "TinhThanhModule", "TinhThanhModule", "{582751E6-6E8C-45F6-A84F-1C3F9210FF42}"
EndProject
Project("{9A19103F-16F7-4668-BE54-9A1E7A4F7556}") = "QuanHuyenModule.Application", "microservices\QuanHuyenModule\src\QuanHuyenModule.Application\QuanHuyenModule.Application.csproj", "{0375D378-F59E-4509-B227-C5305E5000E3}"
EndProject
Project("{9A19103F-16F7-4668-BE54-9A1E7A4F7556}") = "QuanHuyenModule.Application.Contracts", "microservices\QuanHuyenModule\src\QuanHuyenModule.Application.Contracts\QuanHuyenModule.Application.Contracts.csproj", "{1C1A95FC-61F2-4769-9D0B-733389B6B565}"
EndProject
Project("{9A19103F-16F7-4668-BE54-9A1E7A4F7556}") = "QuanHuyenModule.Domain", "microservices\QuanHuyenModule\src\QuanHuyenModule.Domain\QuanHuyenModule.Domain.csproj", "{DE2FA706-4CB9-40BF-BEAB-FA429E1D936F}"
EndProject
Project("{9A19103F-16F7-4668-BE54-9A1E7A4F7556}") = "QuanHuyenModule.Domain.Shared", "microservices\QuanHuyenModule\src\QuanHuyenModule.Domain.Shared\QuanHuyenModule.Domain.Shared.csproj", "{FBBB316D-F6D1-4540-8E36-C5483A5B87E6}"
EndProject
Project("{9A19103F-16F7-4668-BE54-9A1E7A4F7556}") = "QuanHuyenModule.HttpApi", "microservices\QuanHuyenModule\src\QuanHuyenModule.HttpApi\QuanHuyenModule.HttpApi.csproj", "{872E0C71-0315-493E-B678-80C5832D1B2E}"
EndProject
Project("{9A19103F-16F7-4668-BE54-9A1E7A4F7556}") = "QuanHuyenModule.HttpApi.Client", "microservices\QuanHuyenModule\src\QuanHuyenModule.HttpApi.Client\QuanHuyenModule.HttpApi.Client.csproj", "{A4494DDE-72F2-4CD0-B1CF-034BBD8E5B41}"
EndProject
Project("{9A19103F-16F7-4668-BE54-9A1E7A4F7556}") = "QuanHuyenModule.HttpApi.Host", "microservices\QuanHuyenModule\src\QuanHuyenModule.HttpApi.Host\QuanHuyenModule.HttpApi.Host.csproj", "{D6D68BC1-8F9E-4D4C-A102-EBA7000CE588}"
EndProject
Project("{9A19103F-16F7-4668-BE54-9A1E7A4F7556}") = "QuanHuyenModule.Web", "microservices\QuanHuyenModule\src\QuanHuyenModule.Web\QuanHuyenModule.Web.csproj", "{45B92E99-9615-4D17-A6CB-2A2B7F2B97D2}"
EndProject
Project("{9A19103F-16F7-4668-BE54-9A1E7A4F7556}") = "TinhThanhModule.Application", "microservices\TinhThanhModule\src\TinhThanhModule.Application\TinhThanhModule.Application.csproj", "{8629093C-9E17-4E71-A49D-36FD2F2EBD02}"
EndProject
Project("{9A19103F-16F7-4668-BE54-9A1E7A4F7556}") = "TinhThanhModule.Application.Contracts", "microservices\TinhThanhModule\src\TinhThanhModule.Application.Contracts\TinhThanhModule.Application.Contracts.csproj", "{73D98DF4-245F-4A92-809D-6B189092CDDB}"
EndProject
Project("{9A19103F-16F7-4668-BE54-9A1E7A4F7556}") = "TinhThanhModule.Domain", "microservices\TinhThanhModule\src\TinhThanhModule.Domain\TinhThanhModule.Domain.csproj", "{23711D2F-B513-40A5-99AB-9CE84AB8A47B}"
EndProject
Project("{9A19103F-16F7-4668-BE54-9A1E7A4F7556}") = "TinhThanhModule.Domain.Shared", "microservices\TinhThanhModule\src\TinhThanhModule.Domain.Shared\TinhThanhModule.Domain.Shared.csproj", "{0F7B481D-9455-492C-94E9-9DA4A3975348}"
EndProject
Project("{9A19103F-16F7-4668-BE54-9A1E7A4F7556}") = "TinhThanhModule.EntityFrameworkCore", "microservices\TinhThanhModule\src\TinhThanhModule.EntityFrameworkCore\TinhThanhModule.EntityFrameworkCore.csproj", "{798128FF-DC54-48B5-B63A-103991EF4EB5}"
EndProject
Project("{9A19103F-16F7-4668-BE54-9A1E7A4F7556}") = "TinhThanhModule.HttpApi", "microservices\TinhThanhModule\src\TinhThanhModule.HttpApi\TinhThanhModule.HttpApi.csproj", "{FC177E21-952F-44F7-8D9E-D74503AD9AD1}"
EndProject
Project("{9A19103F-16F7-4668-BE54-9A1E7A4F7556}") = "TinhThanhModule.HttpApi.Client", "microservices\TinhThanhModule\src\TinhThanhModule.HttpApi.Client\TinhThanhModule.HttpApi.Client.csproj", "{A2271AE7-C6A3-46A6-AB12-0CAE71F1C072}"
EndProject
Project("{9A19103F-16F7-4668-BE54-9A1E7A4F7556}") = "TinhThanhModule.HttpApi.Host", "microservices\TinhThanhModule\src\TinhThanhModule.HttpApi.Host\TinhThanhModule.HttpApi.Host.csproj", "{97A0654F-FDB5-46D5-A207-6D7A0C6C58DE}"
EndProject
Project("{9A19103F-16F7-4668-BE54-9A1E7A4F7556}") = "TinhThanhModule.Web", "microservices\TinhThanhModule\src\TinhThanhModule.Web\TinhThanhModule.Web.csproj", "{FA1487F5-119F-4BCD-87C6-057FE8614F1F}"
EndProject
Project("{9A19103F-16F7-4668-BE54-9A1E7A4F7556}") = "QuanHuyenModule.EntityFrameworkCore", "microservices\QuanHuyenModule\src\QuanHuyenModule.EntityFrameworkCore\QuanHuyenModule.EntityFrameworkCore.csproj", "{258880E3-1EFD-411A-BC07-03C5ECA5F246}"
EndProject
Project("{2150E333-8FDC-42A3-9474-1A3956D46DE8}") = "AuthServer", "AuthServer", "{66E75CAA-FEDA-47FC-83FD-E000DF452499}"
EndProject
Project("{9A19103F-16F7-4668-BE54-9A1E7A4F7556}") = "AuthServer.DbMigrator", "applications\AuthServer\src\AuthServer.DbMigrator\AuthServer.DbMigrator.csproj", "{6B7E062F-8BC2-4804-BAC1-EF6C093CFCEA}"
EndProject
Project("{9A19103F-16F7-4668-BE54-9A1E7A4F7556}") = "AuthServer.Domain", "applications\AuthServer\src\AuthServer.Domain\AuthServer.Domain.csproj", "{93C1D6A8-00E1-431D-A26E-D37467127D8C}"
EndProject
Project("{9A19103F-16F7-4668-BE54-9A1E7A4F7556}") = "AuthServer.Domain.Shared", "applications\AuthServer\src\AuthServer.Domain.Shared\AuthServer.Domain.Shared.csproj", "{DD10A838-DA72-4CAF-A0C0-C5C0754EB45E}"
EndProject
Project("{9A19103F-16F7-4668-BE54-9A1E7A4F7556}") = "AuthServer.EntityFrameworkCore", "applications\AuthServer\src\AuthServer.EntityFrameworkCore\AuthServer.EntityFrameworkCore.csproj", "{DE2C1AE3-1919-46E4-85B6-27F391C63E1E}"
EndProject
Project("{9A19103F-16F7-4668-BE54-9A1E7A4F7556}") = "AuthServer.IdentityServer", "applications\AuthServer\src\AuthServer.IdentityServer\AuthServer.IdentityServer.csproj", "{61F01336-C1F9-4821-954F-27CA850E18BF}"
EndProject
Global
	GlobalSection(SolutionConfigurationPlatforms) = preSolution
		Debug|Any CPU = Debug|Any CPU
		Release|Any CPU = Release|Any CPU
	EndGlobalSection
	GlobalSection(ProjectConfigurationPlatforms) = postSolution
		{E16BF1B2-1B12-4993-9321-C3108F6A4A87}.Debug|Any CPU.ActiveCfg = Debug|Any CPU
		{E16BF1B2-1B12-4993-9321-C3108F6A4A87}.Debug|Any CPU.Build.0 = Debug|Any CPU
		{E16BF1B2-1B12-4993-9321-C3108F6A4A87}.Release|Any CPU.ActiveCfg = Release|Any CPU
		{E16BF1B2-1B12-4993-9321-C3108F6A4A87}.Release|Any CPU.Build.0 = Release|Any CPU
		{0375D378-F59E-4509-B227-C5305E5000E3}.Debug|Any CPU.ActiveCfg = Debug|Any CPU
		{0375D378-F59E-4509-B227-C5305E5000E3}.Debug|Any CPU.Build.0 = Debug|Any CPU
		{0375D378-F59E-4509-B227-C5305E5000E3}.Release|Any CPU.ActiveCfg = Release|Any CPU
		{0375D378-F59E-4509-B227-C5305E5000E3}.Release|Any CPU.Build.0 = Release|Any CPU
		{1C1A95FC-61F2-4769-9D0B-733389B6B565}.Debug|Any CPU.ActiveCfg = Debug|Any CPU
		{1C1A95FC-61F2-4769-9D0B-733389B6B565}.Debug|Any CPU.Build.0 = Debug|Any CPU
		{1C1A95FC-61F2-4769-9D0B-733389B6B565}.Release|Any CPU.ActiveCfg = Release|Any CPU
		{1C1A95FC-61F2-4769-9D0B-733389B6B565}.Release|Any CPU.Build.0 = Release|Any CPU
		{DE2FA706-4CB9-40BF-BEAB-FA429E1D936F}.Debug|Any CPU.ActiveCfg = Debug|Any CPU
		{DE2FA706-4CB9-40BF-BEAB-FA429E1D936F}.Debug|Any CPU.Build.0 = Debug|Any CPU
		{DE2FA706-4CB9-40BF-BEAB-FA429E1D936F}.Release|Any CPU.ActiveCfg = Release|Any CPU
		{DE2FA706-4CB9-40BF-BEAB-FA429E1D936F}.Release|Any CPU.Build.0 = Release|Any CPU
		{FBBB316D-F6D1-4540-8E36-C5483A5B87E6}.Debug|Any CPU.ActiveCfg = Debug|Any CPU
		{FBBB316D-F6D1-4540-8E36-C5483A5B87E6}.Debug|Any CPU.Build.0 = Debug|Any CPU
		{FBBB316D-F6D1-4540-8E36-C5483A5B87E6}.Release|Any CPU.ActiveCfg = Release|Any CPU
		{FBBB316D-F6D1-4540-8E36-C5483A5B87E6}.Release|Any CPU.Build.0 = Release|Any CPU
		{872E0C71-0315-493E-B678-80C5832D1B2E}.Debug|Any CPU.ActiveCfg = Debug|Any CPU
		{872E0C71-0315-493E-B678-80C5832D1B2E}.Debug|Any CPU.Build.0 = Debug|Any CPU
		{872E0C71-0315-493E-B678-80C5832D1B2E}.Release|Any CPU.ActiveCfg = Release|Any CPU
		{872E0C71-0315-493E-B678-80C5832D1B2E}.Release|Any CPU.Build.0 = Release|Any CPU
		{A4494DDE-72F2-4CD0-B1CF-034BBD8E5B41}.Debug|Any CPU.ActiveCfg = Debug|Any CPU
		{A4494DDE-72F2-4CD0-B1CF-034BBD8E5B41}.Debug|Any CPU.Build.0 = Debug|Any CPU
		{A4494DDE-72F2-4CD0-B1CF-034BBD8E5B41}.Release|Any CPU.ActiveCfg = Release|Any CPU
		{A4494DDE-72F2-4CD0-B1CF-034BBD8E5B41}.Release|Any CPU.Build.0 = Release|Any CPU
		{D6D68BC1-8F9E-4D4C-A102-EBA7000CE588}.Debug|Any CPU.ActiveCfg = Debug|Any CPU
		{D6D68BC1-8F9E-4D4C-A102-EBA7000CE588}.Debug|Any CPU.Build.0 = Debug|Any CPU
		{D6D68BC1-8F9E-4D4C-A102-EBA7000CE588}.Release|Any CPU.ActiveCfg = Release|Any CPU
		{D6D68BC1-8F9E-4D4C-A102-EBA7000CE588}.Release|Any CPU.Build.0 = Release|Any CPU
		{45B92E99-9615-4D17-A6CB-2A2B7F2B97D2}.Debug|Any CPU.ActiveCfg = Debug|Any CPU
		{45B92E99-9615-4D17-A6CB-2A2B7F2B97D2}.Debug|Any CPU.Build.0 = Debug|Any CPU
		{45B92E99-9615-4D17-A6CB-2A2B7F2B97D2}.Release|Any CPU.ActiveCfg = Release|Any CPU
		{45B92E99-9615-4D17-A6CB-2A2B7F2B97D2}.Release|Any CPU.Build.0 = Release|Any CPU
		{8629093C-9E17-4E71-A49D-36FD2F2EBD02}.Debug|Any CPU.ActiveCfg = Debug|Any CPU
		{8629093C-9E17-4E71-A49D-36FD2F2EBD02}.Debug|Any CPU.Build.0 = Debug|Any CPU
		{8629093C-9E17-4E71-A49D-36FD2F2EBD02}.Release|Any CPU.ActiveCfg = Release|Any CPU
		{8629093C-9E17-4E71-A49D-36FD2F2EBD02}.Release|Any CPU.Build.0 = Release|Any CPU
		{73D98DF4-245F-4A92-809D-6B189092CDDB}.Debug|Any CPU.ActiveCfg = Debug|Any CPU
		{73D98DF4-245F-4A92-809D-6B189092CDDB}.Debug|Any CPU.Build.0 = Debug|Any CPU
		{73D98DF4-245F-4A92-809D-6B189092CDDB}.Release|Any CPU.ActiveCfg = Release|Any CPU
		{73D98DF4-245F-4A92-809D-6B189092CDDB}.Release|Any CPU.Build.0 = Release|Any CPU
		{23711D2F-B513-40A5-99AB-9CE84AB8A47B}.Debug|Any CPU.ActiveCfg = Debug|Any CPU
		{23711D2F-B513-40A5-99AB-9CE84AB8A47B}.Debug|Any CPU.Build.0 = Debug|Any CPU
		{23711D2F-B513-40A5-99AB-9CE84AB8A47B}.Release|Any CPU.ActiveCfg = Release|Any CPU
		{23711D2F-B513-40A5-99AB-9CE84AB8A47B}.Release|Any CPU.Build.0 = Release|Any CPU
		{0F7B481D-9455-492C-94E9-9DA4A3975348}.Debug|Any CPU.ActiveCfg = Debug|Any CPU
		{0F7B481D-9455-492C-94E9-9DA4A3975348}.Debug|Any CPU.Build.0 = Debug|Any CPU
		{0F7B481D-9455-492C-94E9-9DA4A3975348}.Release|Any CPU.ActiveCfg = Release|Any CPU
		{0F7B481D-9455-492C-94E9-9DA4A3975348}.Release|Any CPU.Build.0 = Release|Any CPU
		{798128FF-DC54-48B5-B63A-103991EF4EB5}.Debug|Any CPU.ActiveCfg = Debug|Any CPU
		{798128FF-DC54-48B5-B63A-103991EF4EB5}.Debug|Any CPU.Build.0 = Debug|Any CPU
		{798128FF-DC54-48B5-B63A-103991EF4EB5}.Release|Any CPU.ActiveCfg = Release|Any CPU
		{798128FF-DC54-48B5-B63A-103991EF4EB5}.Release|Any CPU.Build.0 = Release|Any CPU
		{FC177E21-952F-44F7-8D9E-D74503AD9AD1}.Debug|Any CPU.ActiveCfg = Debug|Any CPU
		{FC177E21-952F-44F7-8D9E-D74503AD9AD1}.Debug|Any CPU.Build.0 = Debug|Any CPU
		{FC177E21-952F-44F7-8D9E-D74503AD9AD1}.Release|Any CPU.ActiveCfg = Release|Any CPU
		{FC177E21-952F-44F7-8D9E-D74503AD9AD1}.Release|Any CPU.Build.0 = Release|Any CPU
		{A2271AE7-C6A3-46A6-AB12-0CAE71F1C072}.Debug|Any CPU.ActiveCfg = Debug|Any CPU
		{A2271AE7-C6A3-46A6-AB12-0CAE71F1C072}.Debug|Any CPU.Build.0 = Debug|Any CPU
		{A2271AE7-C6A3-46A6-AB12-0CAE71F1C072}.Release|Any CPU.ActiveCfg = Release|Any CPU
		{A2271AE7-C6A3-46A6-AB12-0CAE71F1C072}.Release|Any CPU.Build.0 = Release|Any CPU
		{97A0654F-FDB5-46D5-A207-6D7A0C6C58DE}.Debug|Any CPU.ActiveCfg = Debug|Any CPU
		{97A0654F-FDB5-46D5-A207-6D7A0C6C58DE}.Debug|Any CPU.Build.0 = Debug|Any CPU
		{97A0654F-FDB5-46D5-A207-6D7A0C6C58DE}.Release|Any CPU.ActiveCfg = Release|Any CPU
		{97A0654F-FDB5-46D5-A207-6D7A0C6C58DE}.Release|Any CPU.Build.0 = Release|Any CPU
		{FA1487F5-119F-4BCD-87C6-057FE8614F1F}.Debug|Any CPU.ActiveCfg = Debug|Any CPU
		{FA1487F5-119F-4BCD-87C6-057FE8614F1F}.Debug|Any CPU.Build.0 = Debug|Any CPU
		{FA1487F5-119F-4BCD-87C6-057FE8614F1F}.Release|Any CPU.ActiveCfg = Release|Any CPU
		{FA1487F5-119F-4BCD-87C6-057FE8614F1F}.Release|Any CPU.Build.0 = Release|Any CPU
		{258880E3-1EFD-411A-BC07-03C5ECA5F246}.Debug|Any CPU.ActiveCfg = Debug|Any CPU
		{258880E3-1EFD-411A-BC07-03C5ECA5F246}.Debug|Any CPU.Build.0 = Debug|Any CPU
		{258880E3-1EFD-411A-BC07-03C5ECA5F246}.Release|Any CPU.ActiveCfg = Release|Any CPU
		{258880E3-1EFD-411A-BC07-03C5ECA5F246}.Release|Any CPU.Build.0 = Release|Any CPU
		{6B7E062F-8BC2-4804-BAC1-EF6C093CFCEA}.Debug|Any CPU.ActiveCfg = Debug|Any CPU
		{6B7E062F-8BC2-4804-BAC1-EF6C093CFCEA}.Debug|Any CPU.Build.0 = Debug|Any CPU
		{6B7E062F-8BC2-4804-BAC1-EF6C093CFCEA}.Release|Any CPU.ActiveCfg = Release|Any CPU
		{6B7E062F-8BC2-4804-BAC1-EF6C093CFCEA}.Release|Any CPU.Build.0 = Release|Any CPU
		{93C1D6A8-00E1-431D-A26E-D37467127D8C}.Debug|Any CPU.ActiveCfg = Debug|Any CPU
		{93C1D6A8-00E1-431D-A26E-D37467127D8C}.Debug|Any CPU.Build.0 = Debug|Any CPU
		{93C1D6A8-00E1-431D-A26E-D37467127D8C}.Release|Any CPU.ActiveCfg = Release|Any CPU
		{93C1D6A8-00E1-431D-A26E-D37467127D8C}.Release|Any CPU.Build.0 = Release|Any CPU
		{DD10A838-DA72-4CAF-A0C0-C5C0754EB45E}.Debug|Any CPU.ActiveCfg = Debug|Any CPU
		{DD10A838-DA72-4CAF-A0C0-C5C0754EB45E}.Debug|Any CPU.Build.0 = Debug|Any CPU
		{DD10A838-DA72-4CAF-A0C0-C5C0754EB45E}.Release|Any CPU.ActiveCfg = Release|Any CPU
		{DD10A838-DA72-4CAF-A0C0-C5C0754EB45E}.Release|Any CPU.Build.0 = Release|Any CPU
		{DE2C1AE3-1919-46E4-85B6-27F391C63E1E}.Debug|Any CPU.ActiveCfg = Debug|Any CPU
		{DE2C1AE3-1919-46E4-85B6-27F391C63E1E}.Debug|Any CPU.Build.0 = Debug|Any CPU
		{DE2C1AE3-1919-46E4-85B6-27F391C63E1E}.Release|Any CPU.ActiveCfg = Release|Any CPU
		{DE2C1AE3-1919-46E4-85B6-27F391C63E1E}.Release|Any CPU.Build.0 = Release|Any CPU
		{61F01336-C1F9-4821-954F-27CA850E18BF}.Debug|Any CPU.ActiveCfg = Debug|Any CPU
		{61F01336-C1F9-4821-954F-27CA850E18BF}.Debug|Any CPU.Build.0 = Debug|Any CPU
		{61F01336-C1F9-4821-954F-27CA850E18BF}.Release|Any CPU.ActiveCfg = Release|Any CPU
		{61F01336-C1F9-4821-954F-27CA850E18BF}.Release|Any CPU.Build.0 = Release|Any CPU
	EndGlobalSection
	GlobalSection(SolutionProperties) = preSolution
		HideSolutionNode = FALSE
	EndGlobalSection
	GlobalSection(NestedProjects) = preSolution
		{E16BF1B2-1B12-4993-9321-C3108F6A4A87} = {A94D0DCD-C618-4891-96D0-99AAFF794AD5}
		{C7F6FF76-D786-4151-9708-A7BBAC4F71D6} = {21D30DCB-2805-4902-9903-170F93471EFD}
		{582751E6-6E8C-45F6-A84F-1C3F9210FF42} = {21D30DCB-2805-4902-9903-170F93471EFD}
		{0375D378-F59E-4509-B227-C5305E5000E3} = {C7F6FF76-D786-4151-9708-A7BBAC4F71D6}
		{1C1A95FC-61F2-4769-9D0B-733389B6B565} = {C7F6FF76-D786-4151-9708-A7BBAC4F71D6}
		{DE2FA706-4CB9-40BF-BEAB-FA429E1D936F} = {C7F6FF76-D786-4151-9708-A7BBAC4F71D6}
		{FBBB316D-F6D1-4540-8E36-C5483A5B87E6} = {C7F6FF76-D786-4151-9708-A7BBAC4F71D6}
		{872E0C71-0315-493E-B678-80C5832D1B2E} = {C7F6FF76-D786-4151-9708-A7BBAC4F71D6}
		{A4494DDE-72F2-4CD0-B1CF-034BBD8E5B41} = {C7F6FF76-D786-4151-9708-A7BBAC4F71D6}
		{D6D68BC1-8F9E-4D4C-A102-EBA7000CE588} = {C7F6FF76-D786-4151-9708-A7BBAC4F71D6}
		{45B92E99-9615-4D17-A6CB-2A2B7F2B97D2} = {C7F6FF76-D786-4151-9708-A7BBAC4F71D6}
		{8629093C-9E17-4E71-A49D-36FD2F2EBD02} = {582751E6-6E8C-45F6-A84F-1C3F9210FF42}
		{73D98DF4-245F-4A92-809D-6B189092CDDB} = {582751E6-6E8C-45F6-A84F-1C3F9210FF42}
		{23711D2F-B513-40A5-99AB-9CE84AB8A47B} = {582751E6-6E8C-45F6-A84F-1C3F9210FF42}
		{0F7B481D-9455-492C-94E9-9DA4A3975348} = {582751E6-6E8C-45F6-A84F-1C3F9210FF42}
		{798128FF-DC54-48B5-B63A-103991EF4EB5} = {582751E6-6E8C-45F6-A84F-1C3F9210FF42}
		{FC177E21-952F-44F7-8D9E-D74503AD9AD1} = {582751E6-6E8C-45F6-A84F-1C3F9210FF42}
		{A2271AE7-C6A3-46A6-AB12-0CAE71F1C072} = {582751E6-6E8C-45F6-A84F-1C3F9210FF42}
		{97A0654F-FDB5-46D5-A207-6D7A0C6C58DE} = {582751E6-6E8C-45F6-A84F-1C3F9210FF42}
		{FA1487F5-119F-4BCD-87C6-057FE8614F1F} = {582751E6-6E8C-45F6-A84F-1C3F9210FF42}
		{258880E3-1EFD-411A-BC07-03C5ECA5F246} = {C7F6FF76-D786-4151-9708-A7BBAC4F71D6}
		{66E75CAA-FEDA-47FC-83FD-E000DF452499} = {DE7F0CC7-5404-44F4-B9C4-985C5D9796AF}
		{6B7E062F-8BC2-4804-BAC1-EF6C093CFCEA} = {66E75CAA-FEDA-47FC-83FD-E000DF452499}
		{93C1D6A8-00E1-431D-A26E-D37467127D8C} = {66E75CAA-FEDA-47FC-83FD-E000DF452499}
		{DD10A838-DA72-4CAF-A0C0-C5C0754EB45E} = {66E75CAA-FEDA-47FC-83FD-E000DF452499}
		{DE2C1AE3-1919-46E4-85B6-27F391C63E1E} = {66E75CAA-FEDA-47FC-83FD-E000DF452499}
		{61F01336-C1F9-4821-954F-27CA850E18BF} = {66E75CAA-FEDA-47FC-83FD-E000DF452499}
	EndGlobalSection
	GlobalSection(ExtensibilityGlobals) = postSolution
		SolutionGuid = {28315BFD-90E7-4E14-A2EA-F3D23AF4126F}
	EndGlobalSection
EndGlobal
